
Microsoft Visual Studio Solution File, Format Version 12.00
# Visual Studio Version 16
VisualStudioVersion = 16.0.31112.23
MinimumVisualStudioVersion = 10.0.40219.1
Project("{2150E333-8FDC-42A3-9474-1A3956D46DE8}") = "Standard", "Standard", "{F2297A13-2497-4A41-9C4E-225C727DABF5}"
EndProject
Project("{2150E333-8FDC-42A3-9474-1A3956D46DE8}") = "JsonZip", "JsonZip", "{2E333935-B281-44FF-8303-D8995A58ED6C}"
EndProject
Project("{2150E333-8FDC-42A3-9474-1A3956D46DE8}") = "Figma", "Figma", "{C521A18D-68DD-499C-8D4B-2B079561AB1A}"
EndProject
Project("{FAE04EC0-301F-11D3-BF4B-00C04F79EFBC}") = "Visklusa.Abstraction", "Standard\Visklusa.Abstraction\Visklusa.Abstraction.csproj", "{FC90BD64-9428-47DF-B11C-1800C9C9F165}"
EndProject
Project("{FAE04EC0-301F-11D3-BF4B-00C04F79EFBC}") = "Visklusa.IO", "Standard\Visklusa.IO\Visklusa.IO.csproj", "{30D0C587-50B9-4E0A-ADBB-9F946A2ACAA9}"
EndProject
Project("{FAE04EC0-301F-11D3-BF4B-00C04F79EFBC}") = "Visklusa.Preset", "Standard\Visklusa.Preset\Visklusa.Preset.csproj", "{12EC8607-63E2-4A42-983D-4E8ED550F305}"
EndProject
Project("{FAE04EC0-301F-11D3-BF4B-00C04F79EFBC}") = "Visklusa.Notation.Json", "JsonZip\Visklusa.Notation.Json\Visklusa.Notation.Json.csproj", "{901D8E95-5057-4692-A34C-8563F4BE21E3}"
EndProject
Project("{FAE04EC0-301F-11D3-BF4B-00C04F79EFBC}") = "Visklusa.Archiver.Zip", "JsonZip\Visklusa.Archiver.Zip\Visklusa.Archiver.Zip.csproj", "{0724AA7F-B97A-4E6C-9C38-A143DF3756C4}"
EndProject
Project("{FAE04EC0-301F-11D3-BF4B-00C04F79EFBC}") = "Visklusa.JsonZip", "JsonZip\Visklusa.JsonZip\Visklusa.JsonZip.csproj", "{4E074BE9-5595-4AFF-95A7-98EB6C87EEBA}"
EndProject
Project("{FAE04EC0-301F-11D3-BF4B-00C04F79EFBC}") = "Visklusa.JsonZip.Test", "JsonZip\Visklusa.JsonZip.Test\Visklusa.JsonZip.Test.csproj", "{E9092939-0EB2-42FD-B203-797455CD1C0E}"
EndProject
Project("{FAE04EC0-301F-11D3-BF4B-00C04F79EFBC}") = "FigmaVisk.Capability", "Figma\FigmaVisk.Capability\FigmaVisk.Capability.csproj", "{60FD4F72-0931-4596-9643-1C2101055FCA}"
EndProject
Project("{FAE04EC0-301F-11D3-BF4B-00C04F79EFBC}") = "FigmaVisk", "Figma\FigmaVisk\FigmaVisk.csproj", "{80E1C472-F261-4A36-9F53-CDA3E5707BCF}"
EndProject
Project("{FAE04EC0-301F-11D3-BF4B-00C04F79EFBC}") = "FigmaSharp", "..\Modules\FigmaSharp\FigmaSharp\FigmaSharp\FigmaSharp.csproj", "{F333AF35-C631-4FB2-990B-4D3EFF0CD0B5}"
EndProject
Project("{FAE04EC0-301F-11D3-BF4B-00C04F79EFBC}") = "FigmaSharp.Views", "..\Modules\FigmaSharp\FigmaSharp.Views\FigmaSharp.Views\FigmaSharp.Views.csproj", "{6734C223-64B8-4EC7-957C-0E20C51595F7}"
EndProject
Global
	GlobalSection(SolutionConfigurationPlatforms) = preSolution
		Debug|Any CPU = Debug|Any CPU
		Release|Any CPU = Release|Any CPU
	EndGlobalSection
	GlobalSection(ProjectConfigurationPlatforms) = postSolution
		{FC90BD64-9428-47DF-B11C-1800C9C9F165}.Debug|Any CPU.ActiveCfg = Debug|Any CPU
		{FC90BD64-9428-47DF-B11C-1800C9C9F165}.Debug|Any CPU.Build.0 = Debug|Any CPU
		{FC90BD64-9428-47DF-B11C-1800C9C9F165}.Release|Any CPU.ActiveCfg = Release|Any CPU
		{FC90BD64-9428-47DF-B11C-1800C9C9F165}.Release|Any CPU.Build.0 = Release|Any CPU
		{30D0C587-50B9-4E0A-ADBB-9F946A2ACAA9}.Debug|Any CPU.ActiveCfg = Debug|Any CPU
		{30D0C587-50B9-4E0A-ADBB-9F946A2ACAA9}.Debug|Any CPU.Build.0 = Debug|Any CPU
		{30D0C587-50B9-4E0A-ADBB-9F946A2ACAA9}.Release|Any CPU.ActiveCfg = Release|Any CPU
		{30D0C587-50B9-4E0A-ADBB-9F946A2ACAA9}.Release|Any CPU.Build.0 = Release|Any CPU
		{12EC8607-63E2-4A42-983D-4E8ED550F305}.Debug|Any CPU.ActiveCfg = Debug|Any CPU
		{12EC8607-63E2-4A42-983D-4E8ED550F305}.Debug|Any CPU.Build.0 = Debug|Any CPU
		{12EC8607-63E2-4A42-983D-4E8ED550F305}.Release|Any CPU.ActiveCfg = Release|Any CPU
		{12EC8607-63E2-4A42-983D-4E8ED550F305}.Release|Any CPU.Build.0 = Release|Any CPU
		{901D8E95-5057-4692-A34C-8563F4BE21E3}.Debug|Any CPU.ActiveCfg = Debug|Any CPU
		{901D8E95-5057-4692-A34C-8563F4BE21E3}.Debug|Any CPU.Build.0 = Debug|Any CPU
		{901D8E95-5057-4692-A34C-8563F4BE21E3}.Release|Any CPU.ActiveCfg = Release|Any CPU
		{901D8E95-5057-4692-A34C-8563F4BE21E3}.Release|Any CPU.Build.0 = Release|Any CPU
		{0724AA7F-B97A-4E6C-9C38-A143DF3756C4}.Debug|Any CPU.ActiveCfg = Debug|Any CPU
		{0724AA7F-B97A-4E6C-9C38-A143DF3756C4}.Debug|Any CPU.Build.0 = Debug|Any CPU
		{0724AA7F-B97A-4E6C-9C38-A143DF3756C4}.Release|Any CPU.ActiveCfg = Release|Any CPU
		{0724AA7F-B97A-4E6C-9C38-A143DF3756C4}.Release|Any CPU.Build.0 = Release|Any CPU
		{4E074BE9-5595-4AFF-95A7-98EB6C87EEBA}.Debug|Any CPU.ActiveCfg = Debug|Any CPU
		{4E074BE9-5595-4AFF-95A7-98EB6C87EEBA}.Debug|Any CPU.Build.0 = Debug|Any CPU
		{4E074BE9-5595-4AFF-95A7-98EB6C87EEBA}.Release|Any CPU.ActiveCfg = Release|Any CPU
		{4E074BE9-5595-4AFF-95A7-98EB6C87EEBA}.Release|Any CPU.Build.0 = Release|Any CPU
		{E9092939-0EB2-42FD-B203-797455CD1C0E}.Debug|Any CPU.ActiveCfg = Debug|Any CPU
		{E9092939-0EB2-42FD-B203-797455CD1C0E}.Debug|Any CPU.Build.0 = Debug|Any CPU
		{E9092939-0EB2-42FD-B203-797455CD1C0E}.Release|Any CPU.ActiveCfg = Release|Any CPU
		{E9092939-0EB2-42FD-B203-797455CD1C0E}.Release|Any CPU.Build.0 = Release|Any CPU
		{60FD4F72-0931-4596-9643-1C2101055FCA}.Debug|Any CPU.ActiveCfg = Debug|Any CPU
		{60FD4F72-0931-4596-9643-1C2101055FCA}.Debug|Any CPU.Build.0 = Debug|Any CPU
		{60FD4F72-0931-4596-9643-1C2101055FCA}.Release|Any CPU.ActiveCfg = Release|Any CPU
		{60FD4F72-0931-4596-9643-1C2101055FCA}.Release|Any CPU.Build.0 = Release|Any CPU
		{80E1C472-F261-4A36-9F53-CDA3E5707BCF}.Debug|Any CPU.ActiveCfg = Debug|Any CPU
		{80E1C472-F261-4A36-9F53-CDA3E5707BCF}.Debug|Any CPU.Build.0 = Debug|Any CPU
		{80E1C472-F261-4A36-9F53-CDA3E5707BCF}.Release|Any CPU.ActiveCfg = Release|Any CPU
		{80E1C472-F261-4A36-9F53-CDA3E5707BCF}.Release|Any CPU.Build.0 = Release|Any CPU
		{F333AF35-C631-4FB2-990B-4D3EFF0CD0B5}.Debug|Any CPU.ActiveCfg = Debug|Any CPU
		{F333AF35-C631-4FB2-990B-4D3EFF0CD0B5}.Debug|Any CPU.Build.0 = Debug|Any CPU
		{F333AF35-C631-4FB2-990B-4D3EFF0CD0B5}.Release|Any CPU.ActiveCfg = Release|Any CPU
		{F333AF35-C631-4FB2-990B-4D3EFF0CD0B5}.Release|Any CPU.Build.0 = Release|Any CPU
		{6734C223-64B8-4EC7-957C-0E20C51595F7}.Debug|Any CPU.ActiveCfg = Debug|Any CPU
		{6734C223-64B8-4EC7-957C-0E20C51595F7}.Debug|Any CPU.Build.0 = Debug|Any CPU
		{6734C223-64B8-4EC7-957C-0E20C51595F7}.Release|Any CPU.ActiveCfg = Release|Any CPU
		{6734C223-64B8-4EC7-957C-0E20C51595F7}.Release|Any CPU.Build.0 = Release|Any CPU
	EndGlobalSection
	GlobalSection(SolutionProperties) = preSolution
		HideSolutionNode = FALSE
	EndGlobalSection
	GlobalSection(ExtensibilityGlobals) = postSolution
		SolutionGuid = {F9CD8ED3-0B80-4F51-B263-A7096C4457AA}
	EndGlobalSection
	GlobalSection(NestedProjects) = preSolution
		{FC90BD64-9428-47DF-B11C-1800C9C9F165} = {F2297A13-2497-4A41-9C4E-225C727DABF5}
		{30D0C587-50B9-4E0A-ADBB-9F946A2ACAA9} = {F2297A13-2497-4A41-9C4E-225C727DABF5}
		{12EC8607-63E2-4A42-983D-4E8ED550F305} = {F2297A13-2497-4A41-9C4E-225C727DABF5}
		{901D8E95-5057-4692-A34C-8563F4BE21E3} = {2E333935-B281-44FF-8303-D8995A58ED6C}
		{0724AA7F-B97A-4E6C-9C38-A143DF3756C4} = {2E333935-B281-44FF-8303-D8995A58ED6C}
		{4E074BE9-5595-4AFF-95A7-98EB6C87EEBA} = {2E333935-B281-44FF-8303-D8995A58ED6C}
		{E9092939-0EB2-42FD-B203-797455CD1C0E} = {2E333935-B281-44FF-8303-D8995A58ED6C}
		{60FD4F72-0931-4596-9643-1C2101055FCA} = {C521A18D-68DD-499C-8D4B-2B079561AB1A}
		{80E1C472-F261-4A36-9F53-CDA3E5707BCF} = {C521A18D-68DD-499C-8D4B-2B079561AB1A}
		{F333AF35-C631-4FB2-990B-4D3EFF0CD0B5} = {C521A18D-68DD-499C-8D4B-2B079561AB1A}
		{6734C223-64B8-4EC7-957C-0E20C51595F7} = {C521A18D-68DD-499C-8D4B-2B079561AB1A}
	EndGlobalSection
EndGlobal
