
Microsoft Visual Studio Solution File, Format Version 12.00
# Visual Studio Version 16
VisualStudioVersion = 16.0.31112.23
MinimumVisualStudioVersion = 10.0.40219.1
Project("{9A19103F-16F7-4668-BE54-9A1E7A4F7556}") = "Visklusa.Abstraction", "Visklusa.Abstraction\Visklusa.Abstraction.csproj", "{A84727C9-EAAC-4809-99BC-96A483CBE7B3}"
EndProject
Project("{9A19103F-16F7-4668-BE54-9A1E7A4F7556}") = "Visklusa.Archiver.Zip", "Visklusa.Archiver.Zip\Visklusa.Archiver.Zip.csproj", "{83CA0936-B562-4622-9BB2-AB9F722B9FA7}"
EndProject
Project("{9A19103F-16F7-4668-BE54-9A1E7A4F7556}") = "Visklusa.Notation.Json", "Visklusa.Notation.Json\Visklusa.Notation.Json.csproj", "{E8AEFB6C-DED4-453B-A29E-4EFDD9C3C658}"
EndProject
Project("{9A19103F-16F7-4668-BE54-9A1E7A4F7556}") = "Visklusa.IO", "Visklusa.IO\Visklusa.IO.csproj", "{A3E9A2FD-C8C2-445F-A85B-1A547CC1C656}"
EndProject
Project("{9A19103F-16F7-4668-BE54-9A1E7A4F7556}") = "Visklusa.Preset", "Visklusa.Preset\Visklusa.Preset.csproj", "{01BC77B3-9EDD-49C1-BC13-1F46534723FA}"
EndProject
Project("{FAE04EC0-301F-11D3-BF4B-00C04F79EFBC}") = "Visklusa.JsonZip", "Visklusa.JsonZip\Visklusa.JsonZip.csproj", "{1DB6BC03-0F66-40E6-A733-99392118791E}"
EndProject
Project("{2150E333-8FDC-42A3-9474-1A3956D46DE8}") = "Standard", "Standard", "{F2297A13-2497-4A41-9C4E-225C727DABF5}"
EndProject
Project("{2150E333-8FDC-42A3-9474-1A3956D46DE8}") = "JsonZip", "JsonZip", "{2E333935-B281-44FF-8303-D8995A58ED6C}"
EndProject
Project("{FAE04EC0-301F-11D3-BF4B-00C04F79EFBC}") = "Visklusa.JsonZip.Test", "Visklusa.JsonZip.Test\Visklusa.JsonZip.Test.csproj", "{C0C73D5E-5208-43EC-AD25-E57E5F61419C}"
EndProject
Project("{2150E333-8FDC-42A3-9474-1A3956D46DE8}") = "Figma", "Figma", "{C521A18D-68DD-499C-8D4B-2B079561AB1A}"
EndProject
Project("{FAE04EC0-301F-11D3-BF4B-00C04F79EFBC}") = "FigmaVisk", "FigmaVisk\FigmaVisk.csproj", "{F1A6B819-182D-4151-9B07-C9397DB8C8F9}"
EndProject
Project("{FAE04EC0-301F-11D3-BF4B-00C04F79EFBC}") = "FigmaVisk.Capability", "FigmaVisk.Capability\FigmaVisk.Capability.csproj", "{D4CD3C9E-5AE8-47CE-A4EF-7481FD60F8DE}"
EndProject
Project("{FAE04EC0-301F-11D3-BF4B-00C04F79EFBC}") = "FigmaSharp", "..\..\Modules\FigmaSharp\FigmaSharp\FigmaSharp\FigmaSharp.csproj", "{72D3D615-654A-42B9-8C68-F914371F8B82}"
EndProject
Project("{FAE04EC0-301F-11D3-BF4B-00C04F79EFBC}") = "FigmaSharp.Views", "..\..\Modules\FigmaSharp\FigmaSharp.Views\FigmaSharp.Views\FigmaSharp.Views.csproj", "{0757ED33-E981-48AD-B10B-906B3B299ECD}"
EndProject
Global
	GlobalSection(SolutionConfigurationPlatforms) = preSolution
		Debug|Any CPU = Debug|Any CPU
		Release|Any CPU = Release|Any CPU
	EndGlobalSection
	GlobalSection(ProjectConfigurationPlatforms) = postSolution
		{A84727C9-EAAC-4809-99BC-96A483CBE7B3}.Debug|Any CPU.ActiveCfg = Debug|Any CPU
		{A84727C9-EAAC-4809-99BC-96A483CBE7B3}.Debug|Any CPU.Build.0 = Debug|Any CPU
		{A84727C9-EAAC-4809-99BC-96A483CBE7B3}.Release|Any CPU.ActiveCfg = Release|Any CPU
		{A84727C9-EAAC-4809-99BC-96A483CBE7B3}.Release|Any CPU.Build.0 = Release|Any CPU
		{83CA0936-B562-4622-9BB2-AB9F722B9FA7}.Debug|Any CPU.ActiveCfg = Debug|Any CPU
		{83CA0936-B562-4622-9BB2-AB9F722B9FA7}.Debug|Any CPU.Build.0 = Debug|Any CPU
		{83CA0936-B562-4622-9BB2-AB9F722B9FA7}.Release|Any CPU.ActiveCfg = Release|Any CPU
		{83CA0936-B562-4622-9BB2-AB9F722B9FA7}.Release|Any CPU.Build.0 = Release|Any CPU
		{E8AEFB6C-DED4-453B-A29E-4EFDD9C3C658}.Debug|Any CPU.ActiveCfg = Debug|Any CPU
		{E8AEFB6C-DED4-453B-A29E-4EFDD9C3C658}.Debug|Any CPU.Build.0 = Debug|Any CPU
		{E8AEFB6C-DED4-453B-A29E-4EFDD9C3C658}.Release|Any CPU.ActiveCfg = Release|Any CPU
		{E8AEFB6C-DED4-453B-A29E-4EFDD9C3C658}.Release|Any CPU.Build.0 = Release|Any CPU
		{A3E9A2FD-C8C2-445F-A85B-1A547CC1C656}.Debug|Any CPU.ActiveCfg = Debug|Any CPU
		{A3E9A2FD-C8C2-445F-A85B-1A547CC1C656}.Debug|Any CPU.Build.0 = Debug|Any CPU
		{A3E9A2FD-C8C2-445F-A85B-1A547CC1C656}.Release|Any CPU.ActiveCfg = Release|Any CPU
		{A3E9A2FD-C8C2-445F-A85B-1A547CC1C656}.Release|Any CPU.Build.0 = Release|Any CPU
		{01BC77B3-9EDD-49C1-BC13-1F46534723FA}.Debug|Any CPU.ActiveCfg = Debug|Any CPU
		{01BC77B3-9EDD-49C1-BC13-1F46534723FA}.Debug|Any CPU.Build.0 = Debug|Any CPU
		{01BC77B3-9EDD-49C1-BC13-1F46534723FA}.Release|Any CPU.ActiveCfg = Release|Any CPU
		{01BC77B3-9EDD-49C1-BC13-1F46534723FA}.Release|Any CPU.Build.0 = Release|Any CPU
		{1DB6BC03-0F66-40E6-A733-99392118791E}.Debug|Any CPU.ActiveCfg = Debug|Any CPU
		{1DB6BC03-0F66-40E6-A733-99392118791E}.Debug|Any CPU.Build.0 = Debug|Any CPU
		{1DB6BC03-0F66-40E6-A733-99392118791E}.Release|Any CPU.ActiveCfg = Release|Any CPU
		{1DB6BC03-0F66-40E6-A733-99392118791E}.Release|Any CPU.Build.0 = Release|Any CPU
		{C0C73D5E-5208-43EC-AD25-E57E5F61419C}.Debug|Any CPU.ActiveCfg = Debug|Any CPU
		{C0C73D5E-5208-43EC-AD25-E57E5F61419C}.Debug|Any CPU.Build.0 = Debug|Any CPU
		{C0C73D5E-5208-43EC-AD25-E57E5F61419C}.Release|Any CPU.ActiveCfg = Release|Any CPU
		{C0C73D5E-5208-43EC-AD25-E57E5F61419C}.Release|Any CPU.Build.0 = Release|Any CPU
		{F1A6B819-182D-4151-9B07-C9397DB8C8F9}.Debug|Any CPU.ActiveCfg = Debug|Any CPU
		{F1A6B819-182D-4151-9B07-C9397DB8C8F9}.Debug|Any CPU.Build.0 = Debug|Any CPU
		{F1A6B819-182D-4151-9B07-C9397DB8C8F9}.Release|Any CPU.ActiveCfg = Release|Any CPU
		{F1A6B819-182D-4151-9B07-C9397DB8C8F9}.Release|Any CPU.Build.0 = Release|Any CPU
		{D4CD3C9E-5AE8-47CE-A4EF-7481FD60F8DE}.Debug|Any CPU.ActiveCfg = Debug|Any CPU
		{D4CD3C9E-5AE8-47CE-A4EF-7481FD60F8DE}.Debug|Any CPU.Build.0 = Debug|Any CPU
		{D4CD3C9E-5AE8-47CE-A4EF-7481FD60F8DE}.Release|Any CPU.ActiveCfg = Release|Any CPU
		{D4CD3C9E-5AE8-47CE-A4EF-7481FD60F8DE}.Release|Any CPU.Build.0 = Release|Any CPU
		{72D3D615-654A-42B9-8C68-F914371F8B82}.Debug|Any CPU.ActiveCfg = Debug|Any CPU
		{72D3D615-654A-42B9-8C68-F914371F8B82}.Debug|Any CPU.Build.0 = Debug|Any CPU
		{72D3D615-654A-42B9-8C68-F914371F8B82}.Release|Any CPU.ActiveCfg = Release|Any CPU
		{72D3D615-654A-42B9-8C68-F914371F8B82}.Release|Any CPU.Build.0 = Release|Any CPU
		{0757ED33-E981-48AD-B10B-906B3B299ECD}.Debug|Any CPU.ActiveCfg = Debug|Any CPU
		{0757ED33-E981-48AD-B10B-906B3B299ECD}.Debug|Any CPU.Build.0 = Debug|Any CPU
		{0757ED33-E981-48AD-B10B-906B3B299ECD}.Release|Any CPU.ActiveCfg = Release|Any CPU
		{0757ED33-E981-48AD-B10B-906B3B299ECD}.Release|Any CPU.Build.0 = Release|Any CPU
	EndGlobalSection
	GlobalSection(SolutionProperties) = preSolution
		HideSolutionNode = FALSE
	EndGlobalSection
	GlobalSection(ExtensibilityGlobals) = postSolution
		SolutionGuid = {F9CD8ED3-0B80-4F51-B263-A7096C4457AA}
	EndGlobalSection
	GlobalSection(NestedProjects) = preSolution
		{A84727C9-EAAC-4809-99BC-96A483CBE7B3} = {F2297A13-2497-4A41-9C4E-225C727DABF5}
		{01BC77B3-9EDD-49C1-BC13-1F46534723FA} = {F2297A13-2497-4A41-9C4E-225C727DABF5}
		{A3E9A2FD-C8C2-445F-A85B-1A547CC1C656} = {F2297A13-2497-4A41-9C4E-225C727DABF5}
		{83CA0936-B562-4622-9BB2-AB9F722B9FA7} = {2E333935-B281-44FF-8303-D8995A58ED6C}
		{1DB6BC03-0F66-40E6-A733-99392118791E} = {2E333935-B281-44FF-8303-D8995A58ED6C}
		{E8AEFB6C-DED4-453B-A29E-4EFDD9C3C658} = {2E333935-B281-44FF-8303-D8995A58ED6C}
		{C0C73D5E-5208-43EC-AD25-E57E5F61419C} = {2E333935-B281-44FF-8303-D8995A58ED6C}
		{F1A6B819-182D-4151-9B07-C9397DB8C8F9} = {C521A18D-68DD-499C-8D4B-2B079561AB1A}
		{D4CD3C9E-5AE8-47CE-A4EF-7481FD60F8DE} = {C521A18D-68DD-499C-8D4B-2B079561AB1A}
		{72D3D615-654A-42B9-8C68-F914371F8B82} = {C521A18D-68DD-499C-8D4B-2B079561AB1A}
		{0757ED33-E981-48AD-B10B-906B3B299ECD} = {C521A18D-68DD-499C-8D4B-2B079561AB1A}
	EndGlobalSection
EndGlobal
