
Microsoft Visual Studio Solution File, Format Version 12.00
# Visual Studio Version 16
VisualStudioVersion = 16.0.31112.23
MinimumVisualStudioVersion = 10.0.40219.1
Project("{9A19103F-16F7-4668-BE54-9A1E7A4F7556}") = "Visklusa.Abstraction", "Visklusa.Abstraction\Visklusa.Abstraction.csproj", "{A84727C9-EAAC-4809-99BC-96A483CBE7B3}"
EndProject
Project("{9A19103F-16F7-4668-BE54-9A1E7A4F7556}") = "Visklusa.Archiver.Zip", "Visklusa.Archiver.Zip\Visklusa.Archiver.Zip.csproj", "{83CA0936-B562-4622-9BB2-AB9F722B9FA7}"
EndProject
Project("{9A19103F-16F7-4668-BE54-9A1E7A4F7556}") = "Visklusa.Notation.Json", "Visklusa.Notation.Json\Visklusa.Notation.Json.csproj", "{E8AEFB6C-DED4-453B-A29E-4EFDD9C3C658}"
EndProject
Project("{9A19103F-16F7-4668-BE54-9A1E7A4F7556}") = "Visklusa.IO", "Visklusa.IO\Visklusa.IO.csproj", "{A3E9A2FD-C8C2-445F-A85B-1A547CC1C656}"
EndProject
Project("{9A19103F-16F7-4668-BE54-9A1E7A4F7556}") = "Visklusa.Preset", "Visklusa.Preset\Visklusa.Preset.csproj", "{01BC77B3-9EDD-49C1-BC13-1F46534723FA}"
EndProject
Project("{FAE04EC0-301F-11D3-BF4B-00C04F79EFBC}") = "Visklusa.JsonZip", "Visklusa.JsonZip\Visklusa.JsonZip.csproj", "{1DB6BC03-0F66-40E6-A733-99392118791E}"
EndProject
Project("{2150E333-8FDC-42A3-9474-1A3956D46DE8}") = "Standard", "Standard", "{F2297A13-2497-4A41-9C4E-225C727DABF5}"
EndProject
Project("{2150E333-8FDC-42A3-9474-1A3956D46DE8}") = "JsonZip", "JsonZip", "{2E333935-B281-44FF-8303-D8995A58ED6C}"
EndProject
Project("{FAE04EC0-301F-11D3-BF4B-00C04F79EFBC}") = "Visklusa.JsonZip.Test", "Visklusa.JsonZip.Test\Visklusa.JsonZip.Test.csproj", "{C0C73D5E-5208-43EC-AD25-E57E5F61419C}"
EndProject
Global
	GlobalSection(SolutionConfigurationPlatforms) = preSolution
		Debug|Any CPU = Debug|Any CPU
		Release|Any CPU = Release|Any CPU
	EndGlobalSection
	GlobalSection(ProjectConfigurationPlatforms) = postSolution
		{A84727C9-EAAC-4809-99BC-96A483CBE7B3}.Debug|Any CPU.ActiveCfg = Debug|Any CPU
		{A84727C9-EAAC-4809-99BC-96A483CBE7B3}.Debug|Any CPU.Build.0 = Debug|Any CPU
		{A84727C9-EAAC-4809-99BC-96A483CBE7B3}.Release|Any CPU.ActiveCfg = Release|Any CPU
		{A84727C9-EAAC-4809-99BC-96A483CBE7B3}.Release|Any CPU.Build.0 = Release|Any CPU
		{83CA0936-B562-4622-9BB2-AB9F722B9FA7}.Debug|Any CPU.ActiveCfg = Debug|Any CPU
		{83CA0936-B562-4622-9BB2-AB9F722B9FA7}.Debug|Any CPU.Build.0 = Debug|Any CPU
		{83CA0936-B562-4622-9BB2-AB9F722B9FA7}.Release|Any CPU.ActiveCfg = Release|Any CPU
		{83CA0936-B562-4622-9BB2-AB9F722B9FA7}.Release|Any CPU.Build.0 = Release|Any CPU
		{E8AEFB6C-DED4-453B-A29E-4EFDD9C3C658}.Debug|Any CPU.ActiveCfg = Debug|Any CPU
		{E8AEFB6C-DED4-453B-A29E-4EFDD9C3C658}.Debug|Any CPU.Build.0 = Debug|Any CPU
		{E8AEFB6C-DED4-453B-A29E-4EFDD9C3C658}.Release|Any CPU.ActiveCfg = Release|Any CPU
		{E8AEFB6C-DED4-453B-A29E-4EFDD9C3C658}.Release|Any CPU.Build.0 = Release|Any CPU
		{A3E9A2FD-C8C2-445F-A85B-1A547CC1C656}.Debug|Any CPU.ActiveCfg = Debug|Any CPU
		{A3E9A2FD-C8C2-445F-A85B-1A547CC1C656}.Debug|Any CPU.Build.0 = Debug|Any CPU
		{A3E9A2FD-C8C2-445F-A85B-1A547CC1C656}.Release|Any CPU.ActiveCfg = Release|Any CPU
		{A3E9A2FD-C8C2-445F-A85B-1A547CC1C656}.Release|Any CPU.Build.0 = Release|Any CPU
		{01BC77B3-9EDD-49C1-BC13-1F46534723FA}.Debug|Any CPU.ActiveCfg = Debug|Any CPU
		{01BC77B3-9EDD-49C1-BC13-1F46534723FA}.Debug|Any CPU.Build.0 = Debug|Any CPU
		{01BC77B3-9EDD-49C1-BC13-1F46534723FA}.Release|Any CPU.ActiveCfg = Release|Any CPU
		{01BC77B3-9EDD-49C1-BC13-1F46534723FA}.Release|Any CPU.Build.0 = Release|Any CPU
		{1DB6BC03-0F66-40E6-A733-99392118791E}.Debug|Any CPU.ActiveCfg = Debug|Any CPU
		{1DB6BC03-0F66-40E6-A733-99392118791E}.Debug|Any CPU.Build.0 = Debug|Any CPU
		{1DB6BC03-0F66-40E6-A733-99392118791E}.Release|Any CPU.ActiveCfg = Release|Any CPU
		{1DB6BC03-0F66-40E6-A733-99392118791E}.Release|Any CPU.Build.0 = Release|Any CPU
		{C0C73D5E-5208-43EC-AD25-E57E5F61419C}.Debug|Any CPU.ActiveCfg = Debug|Any CPU
		{C0C73D5E-5208-43EC-AD25-E57E5F61419C}.Debug|Any CPU.Build.0 = Debug|Any CPU
		{C0C73D5E-5208-43EC-AD25-E57E5F61419C}.Release|Any CPU.ActiveCfg = Release|Any CPU
		{C0C73D5E-5208-43EC-AD25-E57E5F61419C}.Release|Any CPU.Build.0 = Release|Any CPU
	EndGlobalSection
	GlobalSection(SolutionProperties) = preSolution
		HideSolutionNode = FALSE
	EndGlobalSection
	GlobalSection(ExtensibilityGlobals) = postSolution
		SolutionGuid = {F9CD8ED3-0B80-4F51-B263-A7096C4457AA}
	EndGlobalSection
	GlobalSection(NestedProjects) = preSolution
		{A84727C9-EAAC-4809-99BC-96A483CBE7B3} = {F2297A13-2497-4A41-9C4E-225C727DABF5}
		{01BC77B3-9EDD-49C1-BC13-1F46534723FA} = {F2297A13-2497-4A41-9C4E-225C727DABF5}
		{A3E9A2FD-C8C2-445F-A85B-1A547CC1C656} = {F2297A13-2497-4A41-9C4E-225C727DABF5}
		{83CA0936-B562-4622-9BB2-AB9F722B9FA7} = {2E333935-B281-44FF-8303-D8995A58ED6C}
		{1DB6BC03-0F66-40E6-A733-99392118791E} = {2E333935-B281-44FF-8303-D8995A58ED6C}
		{E8AEFB6C-DED4-453B-A29E-4EFDD9C3C658} = {2E333935-B281-44FF-8303-D8995A58ED6C}
		{C0C73D5E-5208-43EC-AD25-E57E5F61419C} = {2E333935-B281-44FF-8303-D8995A58ED6C}
	EndGlobalSection
EndGlobal
